Microsoft Visual Studio Solution File, Format Version 12.00
# Visual Studio Version 17
VisualStudioVersion = 17.5.2.0
MinimumVisualStudioVersion = 10.0.40219.1
Project("{FAE04EC0-301F-11D3-BF4B-00C04F79EFBC}") = "VoxFlow", "VoxFlow.csproj", "{F43121D9-71D4-1125-0558-9F50727D96DE}"
EndProject
Project("{2150E333-8FDC-42A3-9474-1A3956D46DE8}") = "tests", "tests", "{CC94594C-0AE3-417F-A7B6-84B16765F66C}"
EndProject
Project("{FAE04EC0-301F-11D3-BF4B-00C04F79EFBC}") = "VoxFlow.UnitTests", "tests\VoxFlow.UnitTests\VoxFlow.UnitTests.csproj", "{5AAC8C8A-43F6-4ED4-ADA5-D657AC4DF020}"
EndProject
Project("{FAE04EC0-301F-11D3-BF4B-00C04F79EFBC}") = "VoxFlow.EndToEndTests", "tests\VoxFlow.EndToEndTests\VoxFlow.EndToEndTests.csproj", "{B7E1A2D3-9C4F-4E5A-8D6B-1F2E3A4C5D6E}"
EndProject
Project("{2150E333-8FDC-42A3-9474-1A3956D46DE8}") = "src", "src", "{96A7F41A-69D8-4CD6-9D9C-9218775641C3}"
EndProject
Project("{FAE04EC0-301F-11D3-BF4B-00C04F79EFBC}") = "WhisperNET.McpServer", "src\WhisperNET.McpServer\WhisperNET.McpServer.csproj", "{3BB97AAD-CDB5-45D3-A0E3-C47690BEB8A2}"
EndProject
Project("{FAE04EC0-301F-11D3-BF4B-00C04F79EFBC}") = "WhisperNET.McpServer.Tests", "tests\WhisperNET.McpServer.Tests\WhisperNET.McpServer.Tests.csproj", "{AF50CA8C-218B-46CA-AE2A-7E9DB94ADD89}"
EndProject
Project("{FAE04EC0-301F-11D3-BF4B-00C04F79EFBC}") = "VoxFlow.Core", "src\VoxFlow.Core\VoxFlow.Core.csproj", "{424C75DF-D726-41C1-A98C-C7CED435B3A6}"
EndProject
Project("{FAE04EC0-301F-11D3-BF4B-00C04F79EFBC}") = "VoxFlow.Core.Tests", "tests\VoxFlow.Core.Tests\VoxFlow.Core.Tests.csproj", "{795DDFA5-9477-47A1-8675-F7F58A35B7E6}"
EndProject
Project("{FAE04EC0-301F-11D3-BF4B-00C04F79EFBC}") = "VoxFlow.Cli", "src\VoxFlow.Cli\VoxFlow.Cli.csproj", "{A4ADA4DE-7A14-421D-A386-40DB82463D8B}"
EndProject
Project("{FAE04EC0-301F-11D3-BF4B-00C04F79EFBC}") = "VoxFlow.Cli.Tests", "tests\VoxFlow.Cli.Tests\VoxFlow.Cli.Tests.csproj", "{FE617535-4856-4D43-B846-459C539BD84E}"
EndProject
Global
	GlobalSection(SolutionConfigurationPlatforms) = preSolution
		Debug|Any CPU = Debug|Any CPU
		Release|Any CPU = Release|Any CPU
	EndGlobalSection
	GlobalSection(ProjectConfigurationPlatforms) = postSolution
		{F43121D9-71D4-1125-0558-9F50727D96DE}.Debug|Any CPU.ActiveCfg = Debug|Any CPU
		{F43121D9-71D4-1125-0558-9F50727D96DE}.Debug|Any CPU.Build.0 = Debug|Any CPU
		{F43121D9-71D4-1125-0558-9F50727D96DE}.Release|Any CPU.ActiveCfg = Release|Any CPU
		{F43121D9-71D4-1125-0558-9F50727D96DE}.Release|Any CPU.Build.0 = Release|Any CPU
		{5AAC8C8A-43F6-4ED4-ADA5-D657AC4DF020}.Debug|Any CPU.ActiveCfg = Debug|Any CPU
		{5AAC8C8A-43F6-4ED4-ADA5-D657AC4DF020}.Debug|Any CPU.Build.0 = Debug|Any CPU
		{5AAC8C8A-43F6-4ED4-ADA5-D657AC4DF020}.Release|Any CPU.ActiveCfg = Release|Any CPU
		{5AAC8C8A-43F6-4ED4-ADA5-D657AC4DF020}.Release|Any CPU.Build.0 = Release|Any CPU
		{B7E1A2D3-9C4F-4E5A-8D6B-1F2E3A4C5D6E}.Debug|Any CPU.ActiveCfg = Debug|Any CPU
		{B7E1A2D3-9C4F-4E5A-8D6B-1F2E3A4C5D6E}.Debug|Any CPU.Build.0 = Debug|Any CPU
		{B7E1A2D3-9C4F-4E5A-8D6B-1F2E3A4C5D6E}.Release|Any CPU.ActiveCfg = Release|Any CPU
		{B7E1A2D3-9C4F-4E5A-8D6B-1F2E3A4C5D6E}.Release|Any CPU.Build.0 = Release|Any CPU
		{3BB97AAD-CDB5-45D3-A0E3-C47690BEB8A2}.Debug|Any CPU.ActiveCfg = Debug|Any CPU
		{3BB97AAD-CDB5-45D3-A0E3-C47690BEB8A2}.Debug|Any CPU.Build.0 = Debug|Any CPU
		{3BB97AAD-CDB5-45D3-A0E3-C47690BEB8A2}.Release|Any CPU.ActiveCfg = Release|Any CPU
		{3BB97AAD-CDB5-45D3-A0E3-C47690BEB8A2}.Release|Any CPU.Build.0 = Release|Any CPU
		{AF50CA8C-218B-46CA-AE2A-7E9DB94ADD89}.Debug|Any CPU.ActiveCfg = Debug|Any CPU
		{AF50CA8C-218B-46CA-AE2A-7E9DB94ADD89}.Debug|Any CPU.Build.0 = Debug|Any CPU
		{AF50CA8C-218B-46CA-AE2A-7E9DB94ADD89}.Release|Any CPU.ActiveCfg = Release|Any CPU
		{AF50CA8C-218B-46CA-AE2A-7E9DB94ADD89}.Release|Any CPU.Build.0 = Release|Any CPU
		{424C75DF-D726-41C1-A98C-C7CED435B3A6}.Debug|Any CPU.ActiveCfg = Debug|Any CPU
		{424C75DF-D726-41C1-A98C-C7CED435B3A6}.Debug|Any CPU.Build.0 = Debug|Any CPU
		{424C75DF-D726-41C1-A98C-C7CED435B3A6}.Release|Any CPU.ActiveCfg = Release|Any CPU
		{424C75DF-D726-41C1-A98C-C7CED435B3A6}.Release|Any CPU.Build.0 = Release|Any CPU
		{795DDFA5-9477-47A1-8675-F7F58A35B7E6}.Debug|Any CPU.ActiveCfg = Debug|Any CPU
		{795DDFA5-9477-47A1-8675-F7F58A35B7E6}.Debug|Any CPU.Build.0 = Debug|Any CPU
		{795DDFA5-9477-47A1-8675-F7F58A35B7E6}.Release|Any CPU.ActiveCfg = Release|Any CPU
		{795DDFA5-9477-47A1-8675-F7F58A35B7E6}.Release|Any CPU.Build.0 = Release|Any CPU
		{A4ADA4DE-7A14-421D-A386-40DB82463D8B}.Debug|Any CPU.ActiveCfg = Debug|Any CPU
		{A4ADA4DE-7A14-421D-A386-40DB82463D8B}.Debug|Any CPU.Build.0 = Debug|Any CPU
		{A4ADA4DE-7A14-421D-A386-40DB82463D8B}.Release|Any CPU.ActiveCfg = Release|Any CPU
		{A4ADA4DE-7A14-421D-A386-40DB82463D8B}.Release|Any CPU.Build.0 = Release|Any CPU
		{FE617535-4856-4D43-B846-459C539BD84E}.Debug|Any CPU.ActiveCfg = Debug|Any CPU
		{FE617535-4856-4D43-B846-459C539BD84E}.Debug|Any CPU.Build.0 = Debug|Any CPU
		{FE617535-4856-4D43-B846-459C539BD84E}.Release|Any CPU.ActiveCfg = Release|Any CPU
		{FE617535-4856-4D43-B846-459C539BD84E}.Release|Any CPU.Build.0 = Release|Any CPU
	EndGlobalSection
	GlobalSection(SolutionProperties) = preSolution
		HideSolutionNode = FALSE
	EndGlobalSection
	GlobalSection(ExtensibilityGlobals) = postSolution
		SolutionGuid = {FCA2AD93-08B8-437A-9E2F-D95A6C092EB2}
	EndGlobalSection
	GlobalSection(NestedProjects) = preSolution
		{5AAC8C8A-43F6-4ED4-ADA5-D657AC4DF020} = {CC94594C-0AE3-417F-A7B6-84B16765F66C}
		{B7E1A2D3-9C4F-4E5A-8D6B-1F2E3A4C5D6E} = {CC94594C-0AE3-417F-A7B6-84B16765F66C}
		{3BB97AAD-CDB5-45D3-A0E3-C47690BEB8A2} = {96A7F41A-69D8-4CD6-9D9C-9218775641C3}
		{AF50CA8C-218B-46CA-AE2A-7E9DB94ADD89} = {CC94594C-0AE3-417F-A7B6-84B16765F66C}
		{424C75DF-D726-41C1-A98C-C7CED435B3A6} = {96A7F41A-69D8-4CD6-9D9C-9218775641C3}
		{795DDFA5-9477-47A1-8675-F7F58A35B7E6} = {CC94594C-0AE3-417F-A7B6-84B16765F66C}
		{A4ADA4DE-7A14-421D-A386-40DB82463D8B} = {96A7F41A-69D8-4CD6-9D9C-9218775641C3}
		{FE617535-4856-4D43-B846-459C539BD84E} = {CC94594C-0AE3-417F-A7B6-84B16765F66C}
	EndGlobalSection
EndGlobal
